<?xml version="1.0" encoding="utf-8"?>
<Project ToolsVersion="4.0" xmlns="http://schemas.microsoft.com/developer/msbuild/2003">
  <ItemGroup>
    <Filter Include="Source Files">
      <UniqueIdentifier>{4FC737F1-C7A5-4376-A066-2A32D752A2FF}</UniqueIdentifier>
      <Extensions>cpp;c;cc;cxx;def;odl;idl;hpj;bat;asm;asmx</Extensions>
    </Filter>
    <Filter Include="Header Files">
      <UniqueIdentifier>{93995380-89BD-4b04-88EB-625FBE52EBFB}</UniqueIdentifier>
      <Extensions>h;hh;hpp;hxx;hm;inl;inc;ipp;xsd</Extensions>
    </Filter>
    <Filter Include="Resource Files">
      <UniqueIdentifier>{67DA6AB6-F800-4c08-8B7A-83BB121AAD01}</UniqueIdentifier>
      <Extensions>rc;ico;cur;bmp;dlg;rc2;rct;bin;rgs;gif;jpg;jpeg;jpe;resx;tiff;tif;png;wav;mfcribbon-ms</Extensions>
    </Filter>
    <Filter Include="Framework">
      <UniqueIdentifier>{98f15e85-203e-457b-8286-5ccd249f94dd}</UniqueIdentifier>
    </Filter>
    <Filter Include="Levels">
      <UniqueIdentifier>{1345cefb-cedc-4e98-8b89-95340ddb954a}</UniqueIdentifier>
    </Filter>
  </ItemGroup>
  <ItemGroup>
    <ClCompile Include="Main.cpp">
      <Filter>Source Files</Filter>
    </ClCompile>
    <ClCompile Include="Framework\Animation.cpp">
      <Filter>Framework</Filter>
    </ClCompile>
    <ClCompile Include="Framework\AnimationSystem.cpp">
      <Filter>Framework</Filter>
    </ClCompile>
    <ClCompile Include="Framework\AssetManager.cpp">
      <Filter>Framework</Filter>
    </ClCompile>
    <ClCompile Include="Framework\GameObject.cpp">
      <Filter>Framework</Filter>
    </ClCompile>
    <ClCompile Include="Framework\SpriteObject.cpp">
      <Filter>Framework</Filter>
    </ClCompile>
    <ClCompile Include="Framework\TextObject.cpp">
      <Filter>Framework</Filter>
    </ClCompile>
    <ClCompile Include="Level.cpp">
      <Filter>Source Files</Filter>
    </ClCompile>
    <ClCompile Include="MovingObject.cpp">
      <Filter>Source Files</Filter>
    </ClCompile>
    <ClCompile Include="Obstacle.cpp">
      <Filter>Source Files</Filter>
    </ClCompile>
    <ClCompile Include="Fire.cpp">
      <Filter>Source Files</Filter>
    </ClCompile>
    <ClCompile Include="Spikes.cpp">
      <Filter>Source Files</Filter>
    </ClCompile>
    <ClCompile Include="Player.cpp">
      <Filter>Source Files</Filter>
    </ClCompile>
    <ClCompile Include="Wall.cpp">
      <Filter>Source Files</Filter>
    </ClCompile>
    <ClCompile Include="Health.cpp">
      <Filter>Source Files</Filter>
    </ClCompile>
    <ClCompile Include="Pickup.cpp">
      <Filter>Source Files</Filter>
    </ClCompile>
    <ClCompile Include="HealthKit.cpp">
      <Filter>Source Files</Filter>
    </ClCompile>
    <ClCompile Include="Exit.cpp">
      <Filter>Source Files</Filter>
    </ClCompile>
    <ClCompile Include="Toolbox.cpp">
      <Filter>Source Files</Filter>
    </ClCompile>
    <ClCompile Include="Shooter.cpp">
      <Filter>Source Files</Filter>
    </ClCompile>
    <ClCompile Include="Enemy.cpp">
      <Filter>Source Files</Filter>
    </ClCompile>
    <ClCompile Include="Rusher.cpp">
      <Filter>Source Files</Filter>
    </ClCompile>
    <ClCompile Include="Alarmer.cpp">
      <Filter>Source Files</Filter>
    </ClCompile>
  </ItemGroup>
  <ItemGroup>
    <ClInclude Include="Framework\Animation.h">
      <Filter>Framework</Filter>
    </ClInclude>
    <ClInclude Include="Framework\AnimationSystem.h">
      <Filter>Framework</Filter>
    </ClInclude>
    <ClInclude Include="Framework\AssetManager.h">
      <Filter>Framework</Filter>
    </ClInclude>
    <ClInclude Include="Framework\GameObject.h">
      <Filter>Framework</Filter>
    </ClInclude>
    <ClInclude Include="Framework\SpriteObject.h">
      <Filter>Framework</Filter>
    </ClInclude>
    <ClInclude Include="Framework\TextObject.h">
      <Filter>Framework</Filter>
    </ClInclude>
    <ClInclude Include="Level.h">
      <Filter>Source Files</Filter>
    </ClInclude>
    <ClInclude Include="MovingObject.h">
      <Filter>Source Files</Filter>
    </ClInclude>
    <ClInclude Include="Obstacle.h">
      <Filter>Source Files</Filter>
    </ClInclude>
    <ClInclude Include="Fire.h">
      <Filter>Source Files</Filter>
    </ClInclude>
    <ClInclude Include="Spikes.h">
      <Filter>Source Files</Filter>
    </ClInclude>
    <ClInclude Include="Player.h">
      <Filter>Source Files</Filter>
    </ClInclude>
    <ClInclude Include="Wall.h">
      <Filter>Source Files</Filter>
    </ClInclude>
    <ClInclude Include="Health.h">
      <Filter>Source Files</Filter>
    </ClInclude>
    <ClInclude Include="Pickup.h">
      <Filter>Source Files</Filter>
    </ClInclude>
    <ClInclude Include="HealthKit.h">
      <Filter>Source Files</Filter>
    </ClInclude>
    <ClInclude Include="Exit.h">
      <Filter>Source Files</Filter>
    </ClInclude>
    <ClInclude Include="Toolbox.h">
      <Filter>Source Files</Filter>
    </ClInclude>
    <ClInclude Include="Shooter.h">
      <Filter>Source Files</Filter>
    </ClInclude>
    <ClInclude Include="Enemy.h">
      <Filter>Source Files</Filter>
    </ClInclude>
    <ClInclude Include="Rusher.h">
      <Filter>Source Files</Filter>
    </ClInclude>
    <ClInclude Include="Alarmer.h">
      <Filter>Source Files</Filter>
    </ClInclude>
  </ItemGroup>
</Project>